// !$*UTF8*$!
{
	archiveVersion = 1;
	classes = {
	};
	objectVersion = 56;
	objects = {

/* Begin PBXBuildFile section */
		11930B9A2B5A54EB001A4419 /* main.swift in Sources */ = {isa = PBXBuildFile; fileRef = 11930B992B5A54EB001A4419 /* main.swift */; };
		11930BAC2B5A562E001A4419 /* main.swift in Sources */ = {isa = PBXBuildFile; fileRef = 11930BAB2B5A561C001A4419 /* main.swift */; };
		D58D563D2B5BEE0D009CE60D /* main.swift in Sources */ = {isa = PBXBuildFile; fileRef = D58D56332B5BED7B009CE60D /* main.swift */; };
		D5D01F872B5CAC7500376B84 /* File1.swift in Sources */ = {isa = PBXBuildFile; fileRef = D5D01F862B5CAC7500376B84 /* File1.swift */; };
		D5D01F982B5CB92E00376B84 /* main.m in Sources */ = {isa = PBXBuildFile; fileRef = D5D01F8B2B5CB18400376B84 /* main.m */; };
		D5D01F9B2B5D01F600376B84 /* File2.swift in Sources */ = {isa = PBXBuildFile; fileRef = D5D01F9A2B5D01F600376B84 /* File2.swift */; };
		D5D01FA92B5D02B300376B84 /* File2.swift in Sources */ = {isa = PBXBuildFile; fileRef = D5D01F9D2B5D025F00376B84 /* File2.swift */; };
		D5D01FAA2B5D02B600376B84 /* File1.swift in Sources */ = {isa = PBXBuildFile; fileRef = D5D01F9E2B5D025F00376B84 /* File1.swift */; };
		D5D01FAD2B5EB8F300376B84 /* function.swift in Sources */ = {isa = PBXBuildFile; fileRef = D5D01FAB2B5EB8BE00376B84 /* function.swift */; };
/* End PBXBuildFile section */

/* Begin PBXCopyFilesBuildPhase section */
		11930B942B5A54EB001A4419 /* CopyFiles */ = {
			isa = PBXCopyFilesBuildPhase;
			buildActionMask = 2147483647;
			dstPath = /usr/share/man/man1/;
			dstSubfolderSpec = 0;
			files = (
			);
			runOnlyForDeploymentPostprocessing = 1;
		};
		11930BA62B5A55C9001A4419 /* CopyFiles */ = {
			isa = PBXCopyFilesBuildPhase;
			buildActionMask = 2147483647;
			dstPath = /usr/share/man/man1/;
			dstSubfolderSpec = 0;
			files = (
			);
			runOnlyForDeploymentPostprocessing = 1;
		};
		D58D56382B5BED84009CE60D /* CopyFiles */ = {
			isa = PBXCopyFilesBuildPhase;
			buildActionMask = 2147483647;
			dstPath = /usr/share/man/man1/;
			dstSubfolderSpec = 0;
			files = (
			);
			runOnlyForDeploymentPostprocessing = 1;
		};
		D5D01F932B5CB90100376B84 /* CopyFiles */ = {
			isa = PBXCopyFilesBuildPhase;
			buildActionMask = 2147483647;
			dstPath = /usr/share/man/man1/;
			dstSubfolderSpec = 0;
			files = (
			);
			runOnlyForDeploymentPostprocessing = 1;
		};
/* End PBXCopyFilesBuildPhase section */

/* Begin PBXFileReference section */
		11930B962B5A54EB001A4419 /* NoWarning */ = {isa = PBXFileReference; explicitFileType = "compiled.mach-o.executable"; includeInIndex = 0; path = NoWarning; sourceTree = BUILT_PRODUCTS_DIR; };
		11930B992B5A54EB001A4419 /* main.swift */ = {isa = PBXFileReference; lastKnownFileType = sourcecode.swift; path = main.swift; sourceTree = "<group>"; };
		11930BAA2B5A55C9001A4419 /* HasWarning */ = {isa = PBXFileReference; explicitFileType = "compiled.mach-o.executable"; includeInIndex = 0; path = HasWarning; sourceTree = BUILT_PRODUCTS_DIR; };
		11930BAB2B5A561C001A4419 /* main.swift */ = {isa = PBXFileReference; lastKnownFileType = sourcecode.swift; path = main.swift; sourceTree = "<group>"; };
		D58D56332B5BED7B009CE60D /* main.swift */ = {isa = PBXFileReference; lastKnownFileType = sourcecode.swift; path = main.swift; sourceTree = "<group>"; };
		D58D563C2B5BED84009CE60D /* HasError */ = {isa = PBXFileReference; explicitFileType = "compiled.mach-o.executable"; includeInIndex = 0; path = HasError; sourceTree = BUILT_PRODUCTS_DIR; };
		D5D01F842B5CAC7500376B84 /* TestsOK.xctest */ = {isa = PBXFileReference; explicitFileType = wrapper.cfbundle; includeInIndex = 0; path = TestsOK.xctest; sourceTree = BUILT_PRODUCTS_DIR; };
		D5D01F862B5CAC7500376B84 /* File1.swift */ = {isa = PBXFileReference; lastKnownFileType = sourcecode.swift; path = File1.swift; sourceTree = "<group>"; };
		D5D01F8B2B5CB18400376B84 /* main.m */ = {isa = PBXFileReference; lastKnownFileType = sourcecode.c.objc; path = main.m; sourceTree = "<group>"; };
		D5D01F972B5CB90100376B84 /* ClangAnalyz */ = {isa = PBXFileReference; explicitFileType = "compiled.mach-o.executable"; includeInIndex = 0; path = ClangAnalyz; sourceTree = BUILT_PRODUCTS_DIR; };
		D5D01F9A2B5D01F600376B84 /* File2.swift */ = {isa = PBXFileReference; lastKnownFileType = sourcecode.swift; path = File2.swift; sourceTree = "<group>"; };
		D5D01F9D2B5D025F00376B84 /* File2.swift */ = {isa = PBXFileReference; lastKnownFileType = sourcecode.swift; path = File2.swift; sourceTree = "<group>"; };
		D5D01F9E2B5D025F00376B84 /* File1.swift */ = {isa = PBXFileReference; lastKnownFileType = sourcecode.swift; path = File1.swift; sourceTree = "<group>"; };
		D5D01FA82B5D02A000376B84 /* TestsFail.xctest */ = {isa = PBXFileReference; explicitFileType = wrapper.cfbundle; includeInIndex = 0; path = TestsFail.xctest; sourceTree = BUILT_PRODUCTS_DIR; };
		D5D01FAB2B5EB8BE00376B84 /* function.swift */ = {isa = PBXFileReference; lastKnownFileType = sourcecode.swift; path = function.swift; sourceTree = "<group>"; };
/* End PBXFileReference section */

/* Begin PBXFrameworksBuildPhase section */
		11930B932B5A54EB001A4419 /* Frameworks */ = {
			isa = PBXFrameworksBuildPhase;
			buildActionMask = 2147483647;
			files = (
			);
			runOnlyForDeploymentPostprocessing = 0;
		};
		11930BA52B5A55C9001A4419 /* Frameworks */ = {
			isa = PBXFrameworksBuildPhase;
			buildActionMask = 2147483647;
			files = (
			);
			runOnlyForDeploymentPostprocessing = 0;
		};
		D58D56372B5BED84009CE60D /* Frameworks */ = {
			isa = PBXFrameworksBuildPhase;
			buildActionMask = 2147483647;
			files = (
			);
			runOnlyForDeploymentPostprocessing = 0;
		};
		D5D01F812B5CAC7500376B84 /* Frameworks */ = {
			isa = PBXFrameworksBuildPhase;
			buildActionMask = 2147483647;
			files = (
			);
			runOnlyForDeploymentPostprocessing = 0;
		};
		D5D01F922B5CB90100376B84 /* Frameworks */ = {
			isa = PBXFrameworksBuildPhase;
			buildActionMask = 2147483647;
			files = (
			);
			runOnlyForDeploymentPostprocessing = 0;
		};
		D5D01FA32B5D02A000376B84 /* Frameworks */ = {
			isa = PBXFrameworksBuildPhase;
			buildActionMask = 2147483647;
			files = (
			);
			runOnlyForDeploymentPostprocessing = 0;
		};
/* End PBXFrameworksBuildPhase section */

/* Begin PBXGroup section */
		11930B8D2B5A54EB001A4419 = {
			isa = PBXGroup;
			children = (
				11930B982B5A54EB001A4419 /* BuildTests */,
				D5D01F852B5CAC7500376B84 /* UnitTests */,
				11930B972B5A54EB001A4419 /* Products */,
			);
			sourceTree = "<group>";
		};
		11930B972B5A54EB001A4419 /* Products */ = {
			isa = PBXGroup;
			children = (
				D5D01F972B5CB90100376B84 /* ClangAnalyz */,
				D58D563C2B5BED84009CE60D /* HasError */,
				11930BAA2B5A55C9001A4419 /* HasWarning */,
				11930B962B5A54EB001A4419 /* NoWarning */,
				D5D01FA82B5D02A000376B84 /* TestsFail.xctest */,
				D5D01F842B5CAC7500376B84 /* TestsOK.xctest */,
			);
			name = Products;
			sourceTree = "<group>";
		};
		11930B982B5A54EB001A4419 /* BuildTests */ = {
			isa = PBXGroup;
			children = (
				D5D01F8D2B5CB8F300376B84 /* ClangAnalyz */,
				D58D56322B5BED7B009CE60D /* HasError */,
				11930BA12B5A55BA001A4419 /* HasWarning */,
				11930BA02B5A55A4001A4419 /* NoWarning */,
			);
			path = BuildTests;
			sourceTree = "<group>";
		};
		11930BA02B5A55A4001A4419 /* NoWarning */ = {
			isa = PBXGroup;
			children = (
				11930B992B5A54EB001A4419 /* main.swift */,
			);
			path = NoWarning;
			sourceTree = "<group>";
		};
		11930BA12B5A55BA001A4419 /* HasWarning */ = {
			isa = PBXGroup;
			children = (
				D5D01FAB2B5EB8BE00376B84 /* function.swift */,
				11930BAB2B5A561C001A4419 /* main.swift */,
			);
			path = HasWarning;
			sourceTree = "<group>";
		};
		D58D56322B5BED7B009CE60D /* HasError */ = {
			isa = PBXGroup;
			children = (
				D58D56332B5BED7B009CE60D /* main.swift */,
			);
			path = HasError;
			sourceTree = "<group>";
		};
		D5D01F852B5CAC7500376B84 /* UnitTests */ = {
			isa = PBXGroup;
			children = (
				D5D01F9C2B5D025F00376B84 /* TestsFail */,
				D5D01F992B5CC1F500376B84 /* TestsOK */,
			);
			path = UnitTests;
			sourceTree = "<group>";
		};
		D5D01F8D2B5CB8F300376B84 /* ClangAnalyz */ = {
			isa = PBXGroup;
			children = (
				D5D01F8B2B5CB18400376B84 /* main.m */,
			);
			path = ClangAnalyz;
			sourceTree = "<group>";
		};
		D5D01F992B5CC1F500376B84 /* TestsOK */ = {
			isa = PBXGroup;
			children = (
				D5D01F862B5CAC7500376B84 /* File1.swift */,
				D5D01F9A2B5D01F600376B84 /* File2.swift */,
			);
			path = TestsOK;
			sourceTree = "<group>";
		};
		D5D01F9C2B5D025F00376B84 /* TestsFail */ = {
			isa = PBXGroup;
			children = (
				D5D01F9E2B5D025F00376B84 /* File1.swift */,
				D5D01F9D2B5D025F00376B84 /* File2.swift */,
			);
			path = TestsFail;
			sourceTree = "<group>";
		};
/* End PBXGroup section */

/* Begin PBXNativeTarget section */
		11930B952B5A54EB001A4419 /* NoWarning */ = {
			isa = PBXNativeTarget;
			buildConfigurationList = 11930B9D2B5A54EB001A4419 /* Build configuration list for PBXNativeTarget "NoWarning" */;
			buildPhases = (
				11930B922B5A54EB001A4419 /* Sources */,
				11930B932B5A54EB001A4419 /* Frameworks */,
				11930B942B5A54EB001A4419 /* CopyFiles */,
			);
			buildRules = (
			);
			dependencies = (
			);
			name = NoWarning;
			productName = BuildTests;
			productReference = 11930B962B5A54EB001A4419 /* NoWarning */;
			productType = "com.apple.product-type.tool";
		};
		11930BA22B5A55C9001A4419 /* HasWarning */ = {
			isa = PBXNativeTarget;
			buildConfigurationList = 11930BA72B5A55C9001A4419 /* Build configuration list for PBXNativeTarget "HasWarning" */;
			buildPhases = (
				11930BA32B5A55C9001A4419 /* Sources */,
				11930BA52B5A55C9001A4419 /* Frameworks */,
				11930BA62B5A55C9001A4419 /* CopyFiles */,
			);
			buildRules = (
			);
			dependencies = (
			);
			name = HasWarning;
			productName = BuildTests;
			productReference = 11930BAA2B5A55C9001A4419 /* HasWarning */;
			productType = "com.apple.product-type.tool";
		};
		D58D56342B5BED84009CE60D /* HasError */ = {
			isa = PBXNativeTarget;
			buildConfigurationList = D58D56392B5BED84009CE60D /* Build configuration list for PBXNativeTarget "HasError" */;
			buildPhases = (
				D5F0D3212B5C0F0000F7D0A4 /* ShellScript */,
				D58D56352B5BED84009CE60D /* Sources */,
				D58D56372B5BED84009CE60D /* Frameworks */,
				D58D56382B5BED84009CE60D /* CopyFiles */,
			);
			buildRules = (
			);
			dependencies = (
			);
			name = HasError;
			productName = BuildTests;
			productReference = D58D563C2B5BED84009CE60D /* HasError */;
			productType = "com.apple.product-type.tool";
		};
		D5D01F832B5CAC7500376B84 /* TestsOK */ = {
			isa = PBXNativeTarget;
			buildConfigurationList = D5D01F8A2B5CAC7500376B84 /* Build configuration list for PBXNativeTarget "TestsOK" */;
			buildPhases = (
				D5D01F802B5CAC7500376B84 /* Sources */,
				D5D01F812B5CAC7500376B84 /* Frameworks */,
				D5D01F822B5CAC7500376B84 /* Resources */,
			);
			buildRules = (
			);
			dependencies = (
			);
			name = TestsOK;
			productName = UnitTests;
			productReference = D5D01F842B5CAC7500376B84 /* TestsOK.xctest */;
			productType = "com.apple.product-type.bundle.unit-test";
		};
		D5D01F8E2B5CB90100376B84 /* ClangAnalyz */ = {
			isa = PBXNativeTarget;
			buildConfigurationList = D5D01F942B5CB90100376B84 /* Build configuration list for PBXNativeTarget "ClangAnalyz" */;
			buildPhases = (
				D5D01F8F2B5CB90100376B84 /* Sources */,
				D5D01F922B5CB90100376B84 /* Frameworks */,
				D5D01F932B5CB90100376B84 /* CopyFiles */,
			);
			buildRules = (
			);
			dependencies = (
			);
			name = ClangAnalyz;
			productName = BuildTests;
			productReference = D5D01F972B5CB90100376B84 /* ClangAnalyz */;
			productType = "com.apple.product-type.tool";
		};
		D5D01F9F2B5D02A000376B84 /* TestsFail */ = {
			isa = PBXNativeTarget;
			buildConfigurationList = D5D01FA52B5D02A000376B84 /* Build configuration list for PBXNativeTarget "TestsFail" */;
			buildPhases = (
				D5D01FA02B5D02A000376B84 /* Sources */,
				D5D01FA32B5D02A000376B84 /* Frameworks */,
				D5D01FA42B5D02A000376B84 /* Resources */,
			);
			buildRules = (
			);
			dependencies = (
			);
			name = TestsFail;
			productName = UnitTests;
			productReference = D5D01FA82B5D02A000376B84 /* TestsFail.xctest */;
			productType = "com.apple.product-type.bundle.unit-test";
		};
/* End PBXNativeTarget section */

/* Begin PBXProject section */
		11930B8E2B5A54EB001A4419 /* Project object */ = {
			isa = PBXProject;
			attributes = {
				BuildIndependentTargetsInParallel = 1;
				LastSwiftUpdateCheck = 1520;
				LastUpgradeCheck = 1500;
				TargetAttributes = {
					11930B952B5A54EB001A4419 = {
						CreatedOnToolsVersion = 15.0.1;
					};
					11930BA22B5A55C9001A4419 = {
						LastSwiftMigration = 1520;
					};
					D5D01F832B5CAC7500376B84 = {
						CreatedOnToolsVersion = 15.2;
					};
				};
			};
			buildConfigurationList = 11930B912B5A54EB001A4419 /* Build configuration list for PBXProject "BuildTests" */;
			compatibilityVersion = "Xcode 14.0";
			developmentRegion = en;
			hasScannedForEncodings = 0;
			knownRegions = (
				en,
				Base,
			);
			mainGroup = 11930B8D2B5A54EB001A4419;
			productRefGroup = 11930B972B5A54EB001A4419 /* Products */;
			projectDirPath = "";
			projectRoot = "";
			targets = (
				D58D56342B5BED84009CE60D /* HasError */,
				11930BA22B5A55C9001A4419 /* HasWarning */,
				11930B952B5A54EB001A4419 /* NoWarning */,
				D5D01F8E2B5CB90100376B84 /* ClangAnalyz */,
				D5D01F832B5CAC7500376B84 /* TestsOK */,
				D5D01F9F2B5D02A000376B84 /* TestsFail */,
			);
		};
/* End PBXProject section */

/* Begin PBXResourcesBuildPhase section */
		D5D01F822B5CAC7500376B84 /* Resources */ = {
			isa = PBXResourcesBuildPhase;
			buildActionMask = 2147483647;
			files = (
			);
			runOnlyForDeploymentPostprocessing = 0;
		};
		D5D01FA42B5D02A000376B84 /* Resources */ = {
			isa = PBXResourcesBuildPhase;
			buildActionMask = 2147483647;
			files = (
			);
			runOnlyForDeploymentPostprocessing = 0;
		};
/* End PBXResourcesBuildPhase section */

/* Begin PBXShellScriptBuildPhase section */
		D5F0D3212B5C0F0000F7D0A4 /* ShellScript */ = {
			isa = PBXShellScriptBuildPhase;
			buildActionMask = 2147483647;
			files = (
			);
			inputFileListPaths = (
			);
			inputPaths = (
			);
			outputFileListPaths = (
			);
			outputPaths = (
			);
			runOnlyForDeploymentPostprocessing = 0;
			shellPath = /bin/sh;
			shellScript = "echo \"$SOURCE_ROOT/BuildTests.xcodeproj:0:0: warning: script warning\"\n";
		};
/* End PBXShellScriptBuildPhase section */

/* Begin PBXSourcesBuildPhase section */
		11930B922B5A54EB001A4419 /* Sources */ = {
			isa = PBXSourcesBuildPhase;
			buildActionMask = 2147483647;
			files = (
				11930B9A2B5A54EB001A4419 /* main.swift in Sources */,
			);
			runOnlyForDeploymentPostprocessing = 0;
		};
		11930BA32B5A55C9001A4419 /* Sources */ = {
			isa = PBXSourcesBuildPhase;
			buildActionMask = 2147483647;
			files = (
				D5D01FAD2B5EB8F300376B84 /* function.swift in Sources */,
				11930BAC2B5A562E001A4419 /* main.swift in Sources */,
			);
			runOnlyForDeploymentPostprocessing = 0;
		};
		D58D56352B5BED84009CE60D /* Sources */ = {
			isa = PBXSourcesBuildPhase;
			buildActionMask = 2147483647;
			files = (
				D58D563D2B5BEE0D009CE60D /* main.swift in Sources */,
			);
			runOnlyForDeploymentPostprocessing = 0;
		};
		D5D01F802B5CAC7500376B84 /* Sources */ = {
			isa = PBXSourcesBuildPhase;
			buildActionMask = 2147483647;
			files = (
				D5D01F872B5CAC7500376B84 /* File1.swift in Sources */,
				D5D01F9B2B5D01F600376B84 /* File2.swift in Sources */,
			);
			runOnlyForDeploymentPostprocessing = 0;
		};
		D5D01F8F2B5CB90100376B84 /* Sources */ = {
			isa = PBXSourcesBuildPhase;
			buildActionMask = 2147483647;
			files = (
				D5D01F982B5CB92E00376B84 /* main.m in Sources */,
			);
			runOnlyForDeploymentPostprocessing = 0;
		};
		D5D01FA02B5D02A000376B84 /* Sources */ = {
			isa = PBXSourcesBuildPhase;
			buildActionMask = 2147483647;
			files = (
				D5D01FAA2B5D02B600376B84 /* File1.swift in Sources */,
				D5D01FA92B5D02B300376B84 /* File2.swift in Sources */,
			);
			runOnlyForDeploymentPostprocessing = 0;
		};
/* End PBXSourcesBuildPhase section */

/* Begin XCBuildConfiguration section */
		11930B9B2B5A54EB001A4419 /* Debug */ = {
			isa = XCBuildConfiguration;
			buildSettings = {
				ALWAYS_SEARCH_USER_PATHS = NO;
				ASSETCATALOG_COMPILER_GENERATE_SWIFT_ASSET_SYMBOL_EXTENSIONS = YES;
				CLANG_ANALYZER_NONNULL = YES;
				CLANG_ANALYZER_NUMBER_OBJECT_CONVERSION = YES_AGGRESSIVE;
				CLANG_ENABLE_MODULES = YES;
				CLANG_ENABLE_OBJC_ARC = YES;
				CLANG_ENABLE_OBJC_WEAK = YES;
				CLANG_WARN_BLOCK_CAPTURE_AUTORELEASING = YES;
				CLANG_WARN_BOOL_CONVERSION = YES;
				CLANG_WARN_COMMA = YES;
				CLANG_WARN_CONSTANT_CONVERSION = YES;
				CLANG_WARN_DEPRECATED_OBJC_IMPLEMENTATIONS = YES;
				CLANG_WARN_DIRECT_OBJC_ISA_USAGE = YES_ERROR;
				CLANG_WARN_DOCUMENTATION_COMMENTS = YES;
				CLANG_WARN_EMPTY_BODY = YES;
				CLANG_WARN_ENUM_CONVERSION = YES;
				CLANG_WARN_INFINITE_RECURSION = YES;
				CLANG_WARN_INT_CONVERSION = YES;
				CLANG_WARN_NON_LITERAL_NULL_CONVERSION = YES;
				CLANG_WARN_OBJC_IMPLICIT_RETAIN_SELF = YES;
				CLANG_WARN_OBJC_LITERAL_CONVERSION = YES;
				CLANG_WARN_OBJC_ROOT_CLASS = YES_ERROR;
				CLANG_WARN_QUOTED_INCLUDE_IN_FRAMEWORK_HEADER = YES;
				CLANG_WARN_RANGE_LOOP_ANALYSIS = YES;
				CLANG_WARN_STRICT_PROTOTYPES = YES;
				CLANG_WARN_SUSPICIOUS_MOVE = YES;
				CLANG_WARN_UNGUARDED_AVAILABILITY = YES_AGGRESSIVE;
				CLANG_WARN_UNREACHABLE_CODE = YES;
				CLANG_WARN__DUPLICATE_METHOD_MATCH = YES;
				COPY_PHASE_STRIP = NO;
				CURRENT_PROJECT_VERSION = 1;
				DEBUG_INFORMATION_FORMAT = dwarf;
				ENABLE_STRICT_OBJC_MSGSEND = YES;
				ENABLE_TESTABILITY = YES;
				ENABLE_USER_SCRIPT_SANDBOXING = YES;
				GCC_NO_COMMON_BLOCKS = YES;
				GCC_OPTIMIZATION_LEVEL = 0;
				GCC_PREPROCESSOR_DEFINITIONS = (
					"DEBUG=1",
					"$(inherited)",
				);
				GCC_WARN_64_TO_32_BIT_CONVERSION = YES;
				GCC_WARN_ABOUT_RETURN_TYPE = YES_ERROR;
				GCC_WARN_INHIBIT_ALL_WARNINGS = YES;
				GCC_WARN_UNDECLARED_SELECTOR = YES;
				GCC_WARN_UNINITIALIZED_AUTOS = YES_AGGRESSIVE;
				GCC_WARN_UNUSED_FUNCTION = YES;
				GCC_WARN_UNUSED_VARIABLE = YES;
				GENERATE_INFOPLIST_FILE = YES;
				LOCALIZATION_PREFERS_STRING_CATALOGS = YES;
				MACOSX_DEPLOYMENT_TARGET = 12.0;
				MARKETING_VERSION = 1.0;
				MTL_ENABLE_DEBUG_INFO = INCLUDE_SOURCE;
				MTL_FAST_MATH = YES;
				ONLY_ACTIVE_ARCH = YES;
				PRODUCT_BUNDLE_IDENTIFIER = "test.$(TARGET_NAME)";
				PRODUCT_NAME = "$(TARGET_NAME)";
				SDKROOT = macosx;
				SWIFT_ACTIVE_COMPILATION_CONDITIONS = "DEBUG $(inherited)";
				SWIFT_OPTIMIZATION_LEVEL = "-Onone";
				SWIFT_VERSION = 5.0;
			};
			name = Debug;
		};
		11930B9C2B5A54EB001A4419 /* Release */ = {
			isa = XCBuildConfiguration;
			buildSettings = {
				ALWAYS_SEARCH_USER_PATHS = NO;
				ASSETCATALOG_COMPILER_GENERATE_SWIFT_ASSET_SYMBOL_EXTENSIONS = YES;
				CLANG_ANALYZER_NONNULL = YES;
				CLANG_ANALYZER_NUMBER_OBJECT_CONVERSION = YES_AGGRESSIVE;
				CLANG_ENABLE_MODULES = YES;
				CLANG_ENABLE_OBJC_ARC = YES;
				CLANG_ENABLE_OBJC_WEAK = YES;
				CLANG_WARN_BLOCK_CAPTURE_AUTORELEASING = YES;
				CLANG_WARN_BOOL_CONVERSION = YES;
				CLANG_WARN_COMMA = YES;
				CLANG_WARN_CONSTANT_CONVERSION = YES;
				CLANG_WARN_DEPRECATED_OBJC_IMPLEMENTATIONS = YES;
				CLANG_WARN_DIRECT_OBJC_ISA_USAGE = YES_ERROR;
				CLANG_WARN_DOCUMENTATION_COMMENTS = YES;
				CLANG_WARN_EMPTY_BODY = YES;
				CLANG_WARN_ENUM_CONVERSION = YES;
				CLANG_WARN_INFINITE_RECURSION = YES;
				CLANG_WARN_INT_CONVERSION = YES;
				CLANG_WARN_NON_LITERAL_NULL_CONVERSION = YES;
				CLANG_WARN_OBJC_IMPLICIT_RETAIN_SELF = YES;
				CLANG_WARN_OBJC_LITERAL_CONVERSION = YES;
				CLANG_WARN_OBJC_ROOT_CLASS = YES_ERROR;
				CLANG_WARN_QUOTED_INCLUDE_IN_FRAMEWORK_HEADER = YES;
				CLANG_WARN_RANGE_LOOP_ANALYSIS = YES;
				CLANG_WARN_STRICT_PROTOTYPES = YES;
				CLANG_WARN_SUSPICIOUS_MOVE = YES;
				CLANG_WARN_UNGUARDED_AVAILABILITY = YES_AGGRESSIVE;
				CLANG_WARN_UNREACHABLE_CODE = YES;
				CLANG_WARN__DUPLICATE_METHOD_MATCH = YES;
				COPY_PHASE_STRIP = NO;
				CURRENT_PROJECT_VERSION = 1;
				DEBUG_INFORMATION_FORMAT = "dwarf-with-dsym";
				ENABLE_NS_ASSERTIONS = NO;
				ENABLE_STRICT_OBJC_MSGSEND = YES;
				ENABLE_USER_SCRIPT_SANDBOXING = YES;
				GCC_NO_COMMON_BLOCKS = YES;
				GCC_WARN_64_TO_32_BIT_CONVERSION = YES;
				GCC_WARN_ABOUT_RETURN_TYPE = YES_ERROR;
				GCC_WARN_INHIBIT_ALL_WARNINGS = YES;
				GCC_WARN_UNDECLARED_SELECTOR = YES;
				GCC_WARN_UNINITIALIZED_AUTOS = YES_AGGRESSIVE;
				GCC_WARN_UNUSED_FUNCTION = YES;
				GCC_WARN_UNUSED_VARIABLE = YES;
				GENERATE_INFOPLIST_FILE = YES;
				LOCALIZATION_PREFERS_STRING_CATALOGS = YES;
				MACOSX_DEPLOYMENT_TARGET = 12.0;
				MARKETING_VERSION = 1.0;
				MTL_ENABLE_DEBUG_INFO = NO;
				MTL_FAST_MATH = YES;
				PRODUCT_BUNDLE_IDENTIFIER = "test.$(TARGET_NAME)";
				PRODUCT_NAME = "$(TARGET_NAME)";
				SDKROOT = macosx;
				SWIFT_COMPILATION_MODE = wholemodule;
				SWIFT_VERSION = 5.0;
			};
			name = Release;
		};
		11930B9E2B5A54EB001A4419 /* Debug */ = {
			isa = XCBuildConfiguration;
			buildSettings = {
			};
			name = Debug;
		};
		11930B9F2B5A54EB001A4419 /* Release */ = {
			isa = XCBuildConfiguration;
			buildSettings = {
			};
			name = Release;
		};
		11930BA82B5A55C9001A4419 /* Debug */ = {
			isa = XCBuildConfiguration;
			buildSettings = {
			};
			name = Debug;
		};
		11930BA92B5A55C9001A4419 /* Release */ = {
			isa = XCBuildConfiguration;
			buildSettings = {
			};
			name = Release;
		};
		D58D563A2B5BED84009CE60D /* Debug */ = {
			isa = XCBuildConfiguration;
			buildSettings = {
			};
			name = Debug;
		};
		D58D563B2B5BED84009CE60D /* Release */ = {
			isa = XCBuildConfiguration;
			buildSettings = {
			};
			name = Release;
		};
		D5D01F882B5CAC7500376B84 /* Debug */ = {
			isa = XCBuildConfiguration;
			buildSettings = {
			};
			name = Debug;
		};
		D5D01F892B5CAC7500376B84 /* Release */ = {
			isa = XCBuildConfiguration;
			buildSettings = {
			};
			name = Release;
		};
		D5D01F952B5CB90100376B84 /* Debug */ = {
			isa = XCBuildConfiguration;
			buildSettings = {
			};
			name = Debug;
		};
		D5D01F962B5CB90100376B84 /* Release */ = {
			isa = XCBuildConfiguration;
			buildSettings = {
			};
			name = Release;
		};
		D5D01FA62B5D02A000376B84 /* Debug */ = {
			isa = XCBuildConfiguration;
			buildSettings = {
			};
			name = Debug;
		};
		D5D01FA72B5D02A000376B84 /* Release */ = {
			isa = XCBuildConfiguration;
			buildSettings = {
			};
			name = Release;
		};
/* End XCBuildConfiguration section */

/* Begin XCConfigurationList section */
		11930B912B5A54EB001A4419 /* Build configuration list for PBXProject "BuildTests" */ = {
			isa = XCConfigurationList;
			buildConfigurations = (
				11930B9B2B5A54EB001A4419 /* Debug */,
				11930B9C2B5A54EB001A4419 /* Release */,
			);
			defaultConfigurationIsVisible = 0;
			defaultConfigurationName = Release;
		};
		11930B9D2B5A54EB001A4419 /* Build configuration list for PBXNativeTarget "NoWarning" */ = {
			isa = XCConfigurationList;
			buildConfigurations = (
				11930B9E2B5A54EB001A4419 /* Debug */,
				11930B9F2B5A54EB001A4419 /* Release */,
			);
			defaultConfigurationIsVisible = 0;
			defaultConfigurationName = Release;
		};
		11930BA72B5A55C9001A4419 /* Build configuration list for PBXNativeTarget "HasWarning" */ = {
			isa = XCConfigurationList;
			buildConfigurations = (
				11930BA82B5A55C9001A4419 /* Debug */,
				11930BA92B5A55C9001A4419 /* Release */,
			);
			defaultConfigurationIsVisible = 0;
			defaultConfigurationName = Release;
		};
		D58D56392B5BED84009CE60D /* Build configuration list for PBXNativeTarget "HasError" */ = {
			isa = XCConfigurationList;
			buildConfigurations = (
				D58D563A2B5BED84009CE60D /* Debug */,
				D58D563B2B5BED84009CE60D /* Release */,
			);
			defaultConfigurationIsVisible = 0;
			defaultConfigurationName = Release;
		};
		D5D01F8A2B5CAC7500376B84 /* Build configuration list for PBXNativeTarget "TestsOK" */ = {
			isa = XCConfigurationList;
			buildConfigurations = (
				D5D01F882B5CAC7500376B84 /* Debug */,
				D5D01F892B5CAC7500376B84 /* Release */,
			);
			defaultConfigurationIsVisible = 0;
			defaultConfigurationName = Release;
		};
		D5D01F942B5CB90100376B84 /* Build configuration list for PBXNativeTarget "ClangAnalyz" */ = {
			isa = XCConfigurationList;
			buildConfigurations = (
				D5D01F952B5CB90100376B84 /* Debug */,
				D5D01F962B5CB90100376B84 /* Release */,
			);
			defaultConfigurationIsVisible = 0;
			defaultConfigurationName = Release;
		};
		D5D01FA52B5D02A000376B84 /* Build configuration list for PBXNativeTarget "TestsFail" */ = {
			isa = XCConfigurationList;
			buildConfigurations = (
				D5D01FA62B5D02A000376B84 /* Debug */,
				D5D01FA72B5D02A000376B84 /* Release */,
			);
			defaultConfigurationIsVisible = 0;
			defaultConfigurationName = Release;
		};
/* End XCConfigurationList section */
	};
	rootObject = 11930B8E2B5A54EB001A4419 /* Project object */;
}
